
Microsoft Visual Studio Solution File, Format Version 12.00
# Visual Studio 16
Project("{FAE04EC0-301F-11D3-BF4B-00C04F79EFBC}") = "UniRx", "UniRx.csproj", "{E2059683-E811-34EF-2659-9B3572199CF2}"
EndProject
Project("{FAE04EC0-301F-11D3-BF4B-00C04F79EFBC}") = "Assembly-CSharp", "Assembly-CSharp.csproj", "{9AE015F7-1275-1165-013A-A2796D5FE7DC}"
EndProject
Project("{FAE04EC0-301F-11D3-BF4B-00C04F79EFBC}") = "Assembly-CSharp-firstpass", "Assembly-CSharp-firstpass.csproj", "{1163A1C8-B303-E9F2-2458-6B3D1D4DF5C6}"
EndProject
Project("{FAE04EC0-301F-11D3-BF4B-00C04F79EFBC}") = "Assembly-CSharp-Editor-firstpass", "Assembly-CSharp-Editor-firstpass.csproj", "{B0EE7CFC-2921-1EDB-FE45-98C09C3127B2}"
EndProject
Project("{FAE04EC0-301F-11D3-BF4B-00C04F79EFBC}") = "Assembly-CSharp-Editor", "Assembly-CSharp-Editor.csproj", "{1D1A453F-35A4-600F-8C9D-9008284956DF}"
EndProject
Global
	GlobalSection(SolutionConfigurationPlatforms) = preSolution
		Debug|Any CPU = Debug|Any CPU
		Release|Any CPU = Release|Any CPU
	EndGlobalSection
	GlobalSection(ProjectConfigurationPlatforms) = postSolution
		{E2059683-E811-34EF-2659-9B3572199CF2}.Debug|Any CPU.ActiveCfg = Debug|Any CPU
		{E2059683-E811-34EF-2659-9B3572199CF2}.Debug|Any CPU.Build.0 = Debug|Any CPU
		{E2059683-E811-34EF-2659-9B3572199CF2}.Release|Any CPU.ActiveCfg = Release|Any CPU
		{E2059683-E811-34EF-2659-9B3572199CF2}.Release|Any CPU.Build.0 = Release|Any CPU
		{9AE015F7-1275-1165-013A-A2796D5FE7DC}.Debug|Any CPU.ActiveCfg = Debug|Any CPU
		{9AE015F7-1275-1165-013A-A2796D5FE7DC}.Debug|Any CPU.Build.0 = Debug|Any CPU
		{9AE015F7-1275-1165-013A-A2796D5FE7DC}.Release|Any CPU.ActiveCfg = Release|Any CPU
		{9AE015F7-1275-1165-013A-A2796D5FE7DC}.Release|Any CPU.Build.0 = Release|Any CPU
		{1163A1C8-B303-E9F2-2458-6B3D1D4DF5C6}.Debug|Any CPU.ActiveCfg = Debug|Any CPU
		{1163A1C8-B303-E9F2-2458-6B3D1D4DF5C6}.Debug|Any CPU.Build.0 = Debug|Any CPU
		{1163A1C8-B303-E9F2-2458-6B3D1D4DF5C6}.Release|Any CPU.ActiveCfg = Release|Any CPU
		{1163A1C8-B303-E9F2-2458-6B3D1D4DF5C6}.Release|Any CPU.Build.0 = Release|Any CPU
		{B0EE7CFC-2921-1EDB-FE45-98C09C3127B2}.Debug|Any CPU.ActiveCfg = Debug|Any CPU
		{B0EE7CFC-2921-1EDB-FE45-98C09C3127B2}.Debug|Any CPU.Build.0 = Debug|Any CPU
		{B0EE7CFC-2921-1EDB-FE45-98C09C3127B2}.Release|Any CPU.ActiveCfg = Release|Any CPU
		{B0EE7CFC-2921-1EDB-FE45-98C09C3127B2}.Release|Any CPU.Build.0 = Release|Any CPU
		{1D1A453F-35A4-600F-8C9D-9008284956DF}.Debug|Any CPU.ActiveCfg = Debug|Any CPU
		{1D1A453F-35A4-600F-8C9D-9008284956DF}.Debug|Any CPU.Build.0 = Debug|Any CPU
		{1D1A453F-35A4-600F-8C9D-9008284956DF}.Release|Any CPU.ActiveCfg = Release|Any CPU
		{1D1A453F-35A4-600F-8C9D-9008284956DF}.Release|Any CPU.Build.0 = Release|Any CPU
	EndGlobalSection
	GlobalSection(SolutionProperties) = preSolution
		HideSolutionNode = FALSE
	EndGlobalSection
EndGlobal
